
Microsoft Visual Studio Solution File, Format Version 12.00
# Visual Studio Version 17
VisualStudioVersion = 17.2.32602.215
MinimumVisualStudioVersion = 10.0.40219.1
Project("{FAE04EC0-301F-11D3-BF4B-00C04F79EFBC}") = "DatabaseConfigurator", "DatabaseConfigurator.csproj", "{CE8A135D-1BFC-499E-8D54-89917E44ADE1}"
EndProject
Global
	GlobalSection(SolutionConfigurationPlatforms) = preSolution
		Debug|Any CPU = Debug|Any CPU
		Release|Any CPU = Release|Any CPU
	EndGlobalSection
	GlobalSection(ProjectConfigurationPlatforms) = postSolution
		{CE8A135D-1BFC-499E-8D54-89917E44ADE1}.Debug|Any CPU.ActiveCfg = Debug|Any CPU
		{CE8A135D-1BFC-499E-8D54-89917E44ADE1}.Debug|Any CPU.Build.0 = Debug|Any CPU
		{CE8A135D-1BFC-499E-8D54-89917E44ADE1}.Release|Any CPU.ActiveCfg = Release|Any CPU
		{CE8A135D-1BFC-499E-8D54-89917E44ADE1}.Release|Any CPU.Build.0 = Release|Any CPU
	EndGlobalSection
	GlobalSection(SolutionProperties) = preSolution
		HideSolutionNode = FALSE
	EndGlobalSection
	GlobalSection(ExtensibilityGlobals) = postSolution
		SolutionGuid = {8B249302-2B5C-482C-B3E7-A77E192A3857}
	EndGlobalSection
EndGlobal
